// !$*UTF8*$!
{
	archiveVersion = 1;
	classes = {
	};
	objectVersion = 46;
	objects = {

/* Begin PBXBuildFile section */
		2BE2CE5B1B88F98800142356 /* Fabric.framework in Frameworks */ = {isa = PBXBuildFile; fileRef = 2BE2CE591B88F98800142356 /* Fabric.framework */; };
		2BE2CE5C1B88F98800142356 /* Crashlytics.framework in Frameworks */ = {isa = PBXBuildFile; fileRef = 2BE2CE5A1B88F98800142356 /* Crashlytics.framework */; };
		A897E83B297322371E4F462E /* libPods.a in Frameworks */ = {isa = PBXBuildFile; fileRef = 40AE0BAF34BFB3D822071340 /* libPods.a */; };
		FA1ED40B189EB9E5005DA318 /* BMEventSummaryViewController.m in Sources */ = {isa = PBXBuildFile; fileRef = FA1ED40A189EB9E5005DA318 /* BMEventSummaryViewController.m */; };
		FA1ED412189EC7F0005DA318 /* MapKit.framework in Frameworks */ = {isa = PBXBuildFile; fileRef = FA1ED411189EC7F0005DA318 /* MapKit.framework */; };
		FA1ED416189ED109005DA318 /* MKMapView+BM.m in Sources */ = {isa = PBXBuildFile; fileRef = FA1ED415189ED109005DA318 /* MKMapView+BM.m */; };
		FA2EB26818AFFE6E00AC237B /* UIColor+BMColors.m in Sources */ = {isa = PBXBuildFile; fileRef = FA2EB26718AFFE6E00AC237B /* UIColor+BMColors.m */; };
		FA2EB26A18B13AE300AC237B /* NSDate+BMTests.m in Sources */ = {isa = PBXBuildFile; fileRef = FA2EB26918B13AE300AC237B /* NSDate+BMTests.m */; };
		FA89D0F81895F022006DB239 /* Foundation.framework in Frameworks */ = {isa = PBXBuildFile; fileRef = FA89D0F71895F022006DB239 /* Foundation.framework */; };
		FA89D0FA1895F022006DB239 /* CoreGraphics.framework in Frameworks */ = {isa = PBXBuildFile; fileRef = FA89D0F91895F022006DB239 /* CoreGraphics.framework */; };
		FA89D0FC1895F022006DB239 /* UIKit.framework in Frameworks */ = {isa = PBXBuildFile; fileRef = FA89D0FB1895F022006DB239 /* UIKit.framework */; };
		FA89D0FE1895F022006DB239 /* CoreData.framework in Frameworks */ = {isa = PBXBuildFile; fileRef = FA89D0FD1895F022006DB239 /* CoreData.framework */; };
		FA89D1041895F022006DB239 /* InfoPlist.strings in Resources */ = {isa = PBXBuildFile; fileRef = FA89D1021895F022006DB239 /* InfoPlist.strings */; };
		FA89D1061895F022006DB239 /* main.m in Sources */ = {isa = PBXBuildFile; fileRef = FA89D1051895F022006DB239 /* main.m */; };
		FA89D10A1895F022006DB239 /* BMAppDelegate.m in Sources */ = {isa = PBXBuildFile; fileRef = FA89D1091895F022006DB239 /* BMAppDelegate.m */; };
		FA89D10D1895F022006DB239 /* Main.storyboard in Resources */ = {isa = PBXBuildFile; fileRef = FA89D10B1895F022006DB239 /* Main.storyboard */; };
		FA89D1101895F022006DB239 /* Bay_Area_Music_Guilde.xcdatamodeld in Sources */ = {isa = PBXBuildFile; fileRef = FA89D10E1895F022006DB239 /* Bay_Area_Music_Guilde.xcdatamodeld */; };
		FA89D1131895F022006DB239 /* BMMainViewController.m in Sources */ = {isa = PBXBuildFile; fileRef = FA89D1121895F022006DB239 /* BMMainViewController.m */; };
		FA89D1181895F022006DB239 /* Images.xcassets in Resources */ = {isa = PBXBuildFile; fileRef = FA89D1171895F022006DB239 /* Images.xcassets */; };
		FA89D11F1895F022006DB239 /* XCTest.framework in Frameworks */ = {isa = PBXBuildFile; fileRef = FA89D11E1895F022006DB239 /* XCTest.framework */; };
		FA89D1201895F022006DB239 /* Foundation.framework in Frameworks */ = {isa = PBXBuildFile; fileRef = FA89D0F71895F022006DB239 /* Foundation.framework */; };
		FA89D1211895F022006DB239 /* UIKit.framework in Frameworks */ = {isa = PBXBuildFile; fileRef = FA89D0FB1895F022006DB239 /* UIKit.framework */; };
		FA89D1221895F022006DB239 /* CoreData.framework in Frameworks */ = {isa = PBXBuildFile; fileRef = FA89D0FD1895F022006DB239 /* CoreData.framework */; };
		FA89D12A1895F022006DB239 /* InfoPlist.strings in Resources */ = {isa = PBXBuildFile; fileRef = FA89D1281895F022006DB239 /* InfoPlist.strings */; };
		FA89D1421895F17E006DB239 /* RKCoreDataStore.m in Sources */ = {isa = PBXBuildFile; fileRef = FA89D1411895F17E006DB239 /* RKCoreDataStore.m */; };
		FA89D1451895F1A6006DB239 /* BMEventStore.m in Sources */ = {isa = PBXBuildFile; fileRef = FA89D1441895F1A6006DB239 /* BMEventStore.m */; };
		FA89D1891895F688006DB239 /* BMVenue.m in Sources */ = {isa = PBXBuildFile; fileRef = FA89D1881895F688006DB239 /* BMVenue.m */; };
		FA89D190189D6D89006DB239 /* BMDatesViewController.m in Sources */ = {isa = PBXBuildFile; fileRef = FA89D18F189D6D89006DB239 /* BMDatesViewController.m */; };
		FA89D193189D6D99006DB239 /* BMVenuesViewController.m in Sources */ = {isa = PBXBuildFile; fileRef = FA89D192189D6D99006DB239 /* BMVenuesViewController.m */; };
		FA89D196189D6DA6006DB239 /* BMArtistsViewController.m in Sources */ = {isa = PBXBuildFile; fileRef = FA89D195189D6DA6006DB239 /* BMArtistsViewController.m */; };
		FA89D19B189D7C25006DB239 /* UIView+CGRectUtils.m in Sources */ = {isa = PBXBuildFile; fileRef = FA89D19A189D7C25006DB239 /* UIView+CGRectUtils.m */; };
		FA89D19E189D7F76006DB239 /* MobileCoreServices.framework in Frameworks */ = {isa = PBXBuildFile; fileRef = FA89D19D189D7F76006DB239 /* MobileCoreServices.framework */; };
		FA89D1A0189D7F84006DB239 /* Security.framework in Frameworks */ = {isa = PBXBuildFile; fileRef = FA89D19F189D7F84006DB239 /* Security.framework */; };
		FA89D1A2189D7F8E006DB239 /* SystemConfiguration.framework in Frameworks */ = {isa = PBXBuildFile; fileRef = FA89D1A1189D7F8E006DB239 /* SystemConfiguration.framework */; };
		FA8D7A65189DD4DB00AA738E /* BMBlurredView.m in Sources */ = {isa = PBXBuildFile; fileRef = FA8D7A64189DD4DB00AA738E /* BMBlurredView.m */; };
		FAB9CA6C189D969300208220 /* BMFetchResultsControllerViewController.m in Sources */ = {isa = PBXBuildFile; fileRef = FAB9CA6B189D969300208220 /* BMFetchResultsControllerViewController.m */; };
		FAB9CA6F189D9FE600208220 /* UILabel+Extras.m in Sources */ = {isa = PBXBuildFile; fileRef = FAB9CA6E189D9FE600208220 /* UILabel+Extras.m */; };
		FAB9CA75189DA2A300208220 /* NSDate+BM.m in Sources */ = {isa = PBXBuildFile; fileRef = FAB9CA74189DA2A300208220 /* NSDate+BM.m */; };
		FAC0CC5E18A6B1C400F86F7B /* BMMapViewController.m in Sources */ = {isa = PBXBuildFile; fileRef = FAC0CC5D18A6B1C400F86F7B /* BMMapViewController.m */; };
		FAC18062189F08D30082FAE5 /* BMEvent.m in Sources */ = {isa = PBXBuildFile; fileRef = FAC18061189F08D30082FAE5 /* BMEvent.m */; };
		FAD7185518A6B9EB00FB9675 /* CoreLocation.framework in Frameworks */ = {isa = PBXBuildFile; fileRef = FAD7185418A6B9EB00FB9675 /* CoreLocation.framework */; };
		FAD7186518A6BA4100FB9675 /* QuartzCore.framework in Frameworks */ = {isa = PBXBuildFile; fileRef = FAD7186418A6BA4100FB9675 /* QuartzCore.framework */; };
		FAE41FD318A7FF2E00BD9448 /* BMArtist.m in Sources */ = {isa = PBXBuildFile; fileRef = FAE41FD218A7FF2E00BD9448 /* BMArtist.m */; };
/* End PBXBuildFile section */

/* Begin PBXContainerItemProxy section */
		FA89D1231895F022006DB239 /* PBXContainerItemProxy */ = {
			isa = PBXContainerItemProxy;
			containerPortal = FA89D0EC1895F022006DB239 /* Project object */;
			proxyType = 1;
			remoteGlobalIDString = FA89D0F31895F022006DB239;
			remoteInfo = "Bay Area Music Guilde";
		};
/* End PBXContainerItemProxy section */

/* Begin PBXFileReference section */
		0D889290C28DDA693D5743D3 /* Pods.debug.xcconfig */ = {isa = PBXFileReference; includeInIndex = 1; lastKnownFileType = text.xcconfig; name = Pods.debug.xcconfig; path = "Pods/Target Support Files/Pods/Pods.debug.xcconfig"; sourceTree = "<group>"; };
		2BE2CE591B88F98800142356 /* Fabric.framework */ = {isa = PBXFileReference; lastKnownFileType = wrapper.framework; path = Fabric.framework; sourceTree = "<group>"; };
		2BE2CE5A1B88F98800142356 /* Crashlytics.framework */ = {isa = PBXFileReference; lastKnownFileType = wrapper.framework; path = Crashlytics.framework; sourceTree = "<group>"; };
		40AE0BAF34BFB3D822071340 /* libPods.a */ = {isa = PBXFileReference; explicitFileType = archive.ar; includeInIndex = 0; path = libPods.a; sourceTree = BUILT_PRODUCTS_DIR; };
		F9A142AA1CF66B4D3680963B /* Pods.release.xcconfig */ = {isa = PBXFileReference; includeInIndex = 1; lastKnownFileType = text.xcconfig; name = Pods.release.xcconfig; path = "Pods/Target Support Files/Pods/Pods.release.xcconfig"; sourceTree = "<group>"; };
		FA1ED409189EB9E5005DA318 /* BMEventSummaryViewController.h */ = {isa = PBXFileReference; fileEncoding = 4; lastKnownFileType = sourcecode.c.h; path = BMEventSummaryViewController.h; sourceTree = "<group>"; };
		FA1ED40A189EB9E5005DA318 /* BMEventSummaryViewController.m */ = {isa = PBXFileReference; fileEncoding = 4; lastKnownFileType = sourcecode.c.objc; path = BMEventSummaryViewController.m; sourceTree = "<group>"; };
		FA1ED40F189EC153005DA318 /* BMEventHandlingDelegate.h */ = {isa = PBXFileReference; fileEncoding = 4; lastKnownFileType = sourcecode.c.h; path = BMEventHandlingDelegate.h; sourceTree = "<group>"; };
		FA1ED411189EC7F0005DA318 /* MapKit.framework */ = {isa = PBXFileReference; lastKnownFileType = wrapper.framework; name = MapKit.framework; path = System/Library/Frameworks/MapKit.framework; sourceTree = SDKROOT; };
		FA1ED414189ED109005DA318 /* MKMapView+BM.h */ = {isa = PBXFileReference; fileEncoding = 4; lastKnownFileType = sourcecode.c.h; path = "MKMapView+BM.h"; sourceTree = "<group>"; };
		FA1ED415189ED109005DA318 /* MKMapView+BM.m */ = {isa = PBXFileReference; fileEncoding = 4; lastKnownFileType = sourcecode.c.objc; path = "MKMapView+BM.m"; sourceTree = "<group>"; };
		FA2EB26618AFFE6E00AC237B /* UIColor+BMColors.h */ = {isa = PBXFileReference; fileEncoding = 4; lastKnownFileType = sourcecode.c.h; path = "UIColor+BMColors.h"; sourceTree = "<group>"; };
		FA2EB26718AFFE6E00AC237B /* UIColor+BMColors.m */ = {isa = PBXFileReference; fileEncoding = 4; lastKnownFileType = sourcecode.c.objc; path = "UIColor+BMColors.m"; sourceTree = "<group>"; };
		FA2EB26918B13AE300AC237B /* NSDate+BMTests.m */ = {isa = PBXFileReference; fileEncoding = 4; lastKnownFileType = sourcecode.c.objc; path = "NSDate+BMTests.m"; sourceTree = "<group>"; };
		FA2EB34918B16DEB00AC237B /* Bay_Area_Music_Guilde 1.0.xcdatamodel */ = {isa = PBXFileReference; lastKnownFileType = wrapper.xcdatamodel; path = "Bay_Area_Music_Guilde 1.0.xcdatamodel"; sourceTree = "<group>"; };
		FA89D0F41895F022006DB239 /* Bay Area Music Guilde.app */ = {isa = PBXFileReference; explicitFileType = wrapper.application; includeInIndex = 0; path = "Bay Area Music Guilde.app"; sourceTree = BUILT_PRODUCTS_DIR; };
		FA89D0F71895F022006DB239 /* Foundation.framework */ = {isa = PBXFileReference; lastKnownFileType = wrapper.framework; name = Foundation.framework; path = System/Library/Frameworks/Foundation.framework; sourceTree = SDKROOT; };
		FA89D0F91895F022006DB239 /* CoreGraphics.framework */ = {isa = PBXFileReference; lastKnownFileType = wrapper.framework; name = CoreGraphics.framework; path = System/Library/Frameworks/CoreGraphics.framework; sourceTree = SDKROOT; };
		FA89D0FB1895F022006DB239 /* UIKit.framework */ = {isa = PBXFileReference; lastKnownFileType = wrapper.framework; name = UIKit.framework; path = System/Library/Frameworks/UIKit.framework; sourceTree = SDKROOT; };
		FA89D0FD1895F022006DB239 /* CoreData.framework */ = {isa = PBXFileReference; lastKnownFileType = wrapper.framework; name = CoreData.framework; path = System/Library/Frameworks/CoreData.framework; sourceTree = SDKROOT; };
		FA89D1011895F022006DB239 /* Bay Area Music Guilde-Info.plist */ = {isa = PBXFileReference; lastKnownFileType = text.plist.xml; path = "Bay Area Music Guilde-Info.plist"; sourceTree = "<group>"; };
		FA89D1031895F022006DB239 /* en */ = {isa = PBXFileReference; lastKnownFileType = text.plist.strings; name = en; path = en.lproj/InfoPlist.strings; sourceTree = "<group>"; };
		FA89D1051895F022006DB239 /* main.m */ = {isa = PBXFileReference; lastKnownFileType = sourcecode.c.objc; path = main.m; sourceTree = "<group>"; };
		FA89D1071895F022006DB239 /* Bay Area Music Guilde-Prefix.pch */ = {isa = PBXFileReference; lastKnownFileType = sourcecode.c.h; path = "Bay Area Music Guilde-Prefix.pch"; sourceTree = "<group>"; };
		FA89D1081895F022006DB239 /* BMAppDelegate.h */ = {isa = PBXFileReference; lastKnownFileType = sourcecode.c.h; path = BMAppDelegate.h; sourceTree = "<group>"; };
		FA89D1091895F022006DB239 /* BMAppDelegate.m */ = {isa = PBXFileReference; lastKnownFileType = sourcecode.c.objc; path = BMAppDelegate.m; sourceTree = "<group>"; };
		FA89D10C1895F022006DB239 /* Base */ = {isa = PBXFileReference; lastKnownFileType = file.storyboard; name = Base; path = Base.lproj/Main.storyboard; sourceTree = "<group>"; };
		FA89D10F1895F022006DB239 /* Bay_Area_Music_Guilde.xcdatamodel */ = {isa = PBXFileReference; lastKnownFileType = wrapper.xcdatamodel; path = Bay_Area_Music_Guilde.xcdatamodel; sourceTree = "<group>"; };
		FA89D1111895F022006DB239 /* BMMainViewController.h */ = {isa = PBXFileReference; lastKnownFileType = sourcecode.c.h; path = BMMainViewController.h; sourceTree = "<group>"; };
		FA89D1121895F022006DB239 /* BMMainViewController.m */ = {isa = PBXFileReference; lastKnownFileType = sourcecode.c.objc; path = BMMainViewController.m; sourceTree = "<group>"; };
		FA89D1171895F022006DB239 /* Images.xcassets */ = {isa = PBXFileReference; lastKnownFileType = folder.assetcatalog; path = Images.xcassets; sourceTree = "<group>"; };
		FA89D11D1895F022006DB239 /* Bay Area Music GuildeTests.xctest */ = {isa = PBXFileReference; explicitFileType = wrapper.cfbundle; includeInIndex = 0; path = "Bay Area Music GuildeTests.xctest"; sourceTree = BUILT_PRODUCTS_DIR; };
		FA89D11E1895F022006DB239 /* XCTest.framework */ = {isa = PBXFileReference; lastKnownFileType = wrapper.framework; name = XCTest.framework; path = Library/Frameworks/XCTest.framework; sourceTree = DEVELOPER_DIR; };
		FA89D1271895F022006DB239 /* Bay Area Music GuildeTests-Info.plist */ = {isa = PBXFileReference; lastKnownFileType = text.plist.xml; path = "Bay Area Music GuildeTests-Info.plist"; sourceTree = "<group>"; };
		FA89D1291895F022006DB239 /* en */ = {isa = PBXFileReference; lastKnownFileType = text.plist.strings; name = en; path = en.lproj/InfoPlist.strings; sourceTree = "<group>"; };
		FA89D1401895F17E006DB239 /* RKCoreDataStore.h */ = {isa = PBXFileReference; fileEncoding = 4; lastKnownFileType = sourcecode.c.h; path = RKCoreDataStore.h; sourceTree = "<group>"; };
		FA89D1411895F17E006DB239 /* RKCoreDataStore.m */ = {isa = PBXFileReference; fileEncoding = 4; lastKnownFileType = sourcecode.c.objc; path = RKCoreDataStore.m; sourceTree = "<group>"; };
		FA89D1431895F1A6006DB239 /* BMEventStore.h */ = {isa = PBXFileReference; fileEncoding = 4; lastKnownFileType = sourcecode.c.h; path = BMEventStore.h; sourceTree = "<group>"; };
		FA89D1441895F1A6006DB239 /* BMEventStore.m */ = {isa = PBXFileReference; fileEncoding = 4; lastKnownFileType = sourcecode.c.objc; path = BMEventStore.m; sourceTree = "<group>"; };
		FA89D1871895F688006DB239 /* BMVenue.h */ = {isa = PBXFileReference; fileEncoding = 4; lastKnownFileType = sourcecode.c.h; path = BMVenue.h; sourceTree = "<group>"; };
		FA89D1881895F688006DB239 /* BMVenue.m */ = {isa = PBXFileReference; fileEncoding = 4; lastKnownFileType = sourcecode.c.objc; path = BMVenue.m; sourceTree = "<group>"; };
		FA89D18D189C8A6A006DB239 /* BMBaseModel.h */ = {isa = PBXFileReference; fileEncoding = 4; lastKnownFileType = sourcecode.c.h; path = BMBaseModel.h; sourceTree = "<group>"; };
		FA89D18E189D6D89006DB239 /* BMDatesViewController.h */ = {isa = PBXFileReference; fileEncoding = 4; lastKnownFileType = sourcecode.c.h; path = BMDatesViewController.h; sourceTree = "<group>"; };
		FA89D18F189D6D89006DB239 /* BMDatesViewController.m */ = {isa = PBXFileReference; fileEncoding = 4; lastKnownFileType = sourcecode.c.objc; path = BMDatesViewController.m; sourceTree = "<group>"; };
		FA89D191189D6D99006DB239 /* BMVenuesViewController.h */ = {isa = PBXFileReference; fileEncoding = 4; lastKnownFileType = sourcecode.c.h; path = BMVenuesViewController.h; sourceTree = "<group>"; };
		FA89D192189D6D99006DB239 /* BMVenuesViewController.m */ = {isa = PBXFileReference; fileEncoding = 4; lastKnownFileType = sourcecode.c.objc; path = BMVenuesViewController.m; sourceTree = "<group>"; };
		FA89D194189D6DA6006DB239 /* BMArtistsViewController.h */ = {isa = PBXFileReference; fileEncoding = 4; lastKnownFileType = sourcecode.c.h; path = BMArtistsViewController.h; sourceTree = "<group>"; };
		FA89D195189D6DA6006DB239 /* BMArtistsViewController.m */ = {isa = PBXFileReference; fileEncoding = 4; lastKnownFileType = sourcecode.c.objc; path = BMArtistsViewController.m; sourceTree = "<group>"; };
		FA89D198189D7C25006DB239 /* CGRectUtils.h */ = {isa = PBXFileReference; fileEncoding = 4; lastKnownFileType = sourcecode.c.h; path = CGRectUtils.h; sourceTree = "<group>"; };
		FA89D199189D7C25006DB239 /* UIView+CGRectUtils.h */ = {isa = PBXFileReference; fileEncoding = 4; lastKnownFileType = sourcecode.c.h; path = "UIView+CGRectUtils.h"; sourceTree = "<group>"; };
		FA89D19A189D7C25006DB239 /* UIView+CGRectUtils.m */ = {isa = PBXFileReference; fileEncoding = 4; lastKnownFileType = sourcecode.c.objc; path = "UIView+CGRectUtils.m"; sourceTree = "<group>"; };
		FA89D19D189D7F76006DB239 /* MobileCoreServices.framework */ = {isa = PBXFileReference; lastKnownFileType = wrapper.framework; name = MobileCoreServices.framework; path = System/Library/Frameworks/MobileCoreServices.framework; sourceTree = SDKROOT; };
		FA89D19F189D7F84006DB239 /* Security.framework */ = {isa = PBXFileReference; lastKnownFileType = wrapper.framework; name = Security.framework; path = System/Library/Frameworks/Security.framework; sourceTree = SDKROOT; };
		FA89D1A1189D7F8E006DB239 /* SystemConfiguration.framework */ = {isa = PBXFileReference; lastKnownFileType = wrapper.framework; name = SystemConfiguration.framework; path = System/Library/Frameworks/SystemConfiguration.framework; sourceTree = SDKROOT; };
		FA8D7A63189DD4DB00AA738E /* BMBlurredView.h */ = {isa = PBXFileReference; fileEncoding = 4; lastKnownFileType = sourcecode.c.h; path = BMBlurredView.h; sourceTree = "<group>"; };
		FA8D7A64189DD4DB00AA738E /* BMBlurredView.m */ = {isa = PBXFileReference; fileEncoding = 4; lastKnownFileType = sourcecode.c.objc; path = BMBlurredView.m; sourceTree = "<group>"; };
		FAB9CA6A189D969300208220 /* BMFetchResultsControllerViewController.h */ = {isa = PBXFileReference; fileEncoding = 4; lastKnownFileType = sourcecode.c.h; path = BMFetchResultsControllerViewController.h; sourceTree = "<group>"; };
		FAB9CA6B189D969300208220 /* BMFetchResultsControllerViewController.m */ = {isa = PBXFileReference; fileEncoding = 4; lastKnownFileType = sourcecode.c.objc; path = BMFetchResultsControllerViewController.m; sourceTree = "<group>"; };
		FAB9CA6D189D9FE600208220 /* UILabel+Extras.h */ = {isa = PBXFileReference; fileEncoding = 4; lastKnownFileType = sourcecode.c.h; path = "UILabel+Extras.h"; sourceTree = "<group>"; };
		FAB9CA6E189D9FE600208220 /* UILabel+Extras.m */ = {isa = PBXFileReference; fileEncoding = 4; lastKnownFileType = sourcecode.c.objc; path = "UILabel+Extras.m"; sourceTree = "<group>"; };
		FAB9CA73189DA2A300208220 /* NSDate+BM.h */ = {isa = PBXFileReference; fileEncoding = 4; lastKnownFileType = sourcecode.c.h; path = "NSDate+BM.h"; sourceTree = "<group>"; };
		FAB9CA74189DA2A300208220 /* NSDate+BM.m */ = {isa = PBXFileReference; fileEncoding = 4; lastKnownFileType = sourcecode.c.objc; path = "NSDate+BM.m"; sourceTree = "<group>"; };
		FAC0CC5C18A6B1C400F86F7B /* BMMapViewController.h */ = {isa = PBXFileReference; fileEncoding = 4; lastKnownFileType = sourcecode.c.h; path = BMMapViewController.h; sourceTree = "<group>"; };
		FAC0CC5D18A6B1C400F86F7B /* BMMapViewController.m */ = {isa = PBXFileReference; fileEncoding = 4; lastKnownFileType = sourcecode.c.objc; path = BMMapViewController.m; sourceTree = "<group>"; };
		FAC18060189F08D30082FAE5 /* BMEvent.h */ = {isa = PBXFileReference; fileEncoding = 4; lastKnownFileType = sourcecode.c.h; path = BMEvent.h; sourceTree = "<group>"; };
		FAC18061189F08D30082FAE5 /* BMEvent.m */ = {isa = PBXFileReference; fileEncoding = 4; lastKnownFileType = sourcecode.c.objc; path = BMEvent.m; sourceTree = "<group>"; };
		FAD7185418A6B9EB00FB9675 /* CoreLocation.framework */ = {isa = PBXFileReference; lastKnownFileType = wrapper.framework; name = CoreLocation.framework; path = System/Library/Frameworks/CoreLocation.framework; sourceTree = SDKROOT; };
		FAD7186418A6BA4100FB9675 /* QuartzCore.framework */ = {isa = PBXFileReference; lastKnownFileType = wrapper.framework; name = QuartzCore.framework; path = System/Library/Frameworks/QuartzCore.framework; sourceTree = SDKROOT; };
		FAE41FD118A7FF2E00BD9448 /* BMArtist.h */ = {isa = PBXFileReference; fileEncoding = 4; lastKnownFileType = sourcecode.c.h; path = BMArtist.h; sourceTree = "<group>"; };
		FAE41FD218A7FF2E00BD9448 /* BMArtist.m */ = {isa = PBXFileReference; fileEncoding = 4; lastKnownFileType = sourcecode.c.objc; path = BMArtist.m; sourceTree = "<group>"; };
/* End PBXFileReference section */

/* Begin PBXFrameworksBuildPhase section */
		FA89D0F11895F022006DB239 /* Frameworks */ = {
			isa = PBXFrameworksBuildPhase;
			buildActionMask = 2147483647;
			files = (
				FA89D1A2189D7F8E006DB239 /* SystemConfiguration.framework in Frameworks */,
				FAD7186518A6BA4100FB9675 /* QuartzCore.framework in Frameworks */,
				FAD7185518A6B9EB00FB9675 /* CoreLocation.framework in Frameworks */,
				FA1ED412189EC7F0005DA318 /* MapKit.framework in Frameworks */,
				FA89D1A0189D7F84006DB239 /* Security.framework in Frameworks */,
				FA89D19E189D7F76006DB239 /* MobileCoreServices.framework in Frameworks */,
				FA89D0FA1895F022006DB239 /* CoreGraphics.framework in Frameworks */,
				FA89D0FE1895F022006DB239 /* CoreData.framework in Frameworks */,
				FA89D0FC1895F022006DB239 /* UIKit.framework in Frameworks */,
				FA89D0F81895F022006DB239 /* Foundation.framework in Frameworks */,
				2BE2CE5C1B88F98800142356 /* Crashlytics.framework in Frameworks */,
				2BE2CE5B1B88F98800142356 /* Fabric.framework in Frameworks */,
				A897E83B297322371E4F462E /* libPods.a in Frameworks */,
			);
			runOnlyForDeploymentPostprocessing = 0;
		};
		FA89D11A1895F022006DB239 /* Frameworks */ = {
			isa = PBXFrameworksBuildPhase;
			buildActionMask = 2147483647;
			files = (
				FA89D11F1895F022006DB239 /* XCTest.framework in Frameworks */,
				FA89D1221895F022006DB239 /* CoreData.framework in Frameworks */,
				FA89D1211895F022006DB239 /* UIKit.framework in Frameworks */,
				FA89D1201895F022006DB239 /* Foundation.framework in Frameworks */,
			);
			runOnlyForDeploymentPostprocessing = 0;
		};
/* End PBXFrameworksBuildPhase section */

/* Begin PBXGroup section */
		A6AC20A757C3600ADD42CCD4 /* Pods */ = {
			isa = PBXGroup;
			children = (
				0D889290C28DDA693D5743D3 /* Pods.debug.xcconfig */,
				F9A142AA1CF66B4D3680963B /* Pods.release.xcconfig */,
			);
			name = Pods;
			sourceTree = "<group>";
		};
		FA1ED410189EC174005DA318 /* Protocols */ = {
			isa = PBXGroup;
			children = (
				FA1ED40F189EC153005DA318 /* BMEventHandlingDelegate.h */,
			);
			name = Protocols;
			sourceTree = "<group>";
		};
		FA89D0EB1895F022006DB239 = {
			isa = PBXGroup;
			children = (
				FA89D0FF1895F022006DB239 /* Bay Area Music Guilde */,
				FA89D1251895F022006DB239 /* Bay Area Music GuildeTests */,
				FA89D0F61895F022006DB239 /* Frameworks */,
				FA89D0F51895F022006DB239 /* Products */,
				A6AC20A757C3600ADD42CCD4 /* Pods */,
			);
			sourceTree = "<group>";
		};
		FA89D0F51895F022006DB239 /* Products */ = {
			isa = PBXGroup;
			children = (
				FA89D0F41895F022006DB239 /* Bay Area Music Guilde.app */,
				FA89D11D1895F022006DB239 /* Bay Area Music GuildeTests.xctest */,
			);
			name = Products;
			sourceTree = "<group>";
		};
		FA89D0F61895F022006DB239 /* Frameworks */ = {
			isa = PBXGroup;
			children = (
				2BE2CE591B88F98800142356 /* Fabric.framework */,
				2BE2CE5A1B88F98800142356 /* Crashlytics.framework */,
				FAD7186418A6BA4100FB9675 /* QuartzCore.framework */,
				FAD7185418A6B9EB00FB9675 /* CoreLocation.framework */,
				FA1ED411189EC7F0005DA318 /* MapKit.framework */,
				FA89D1A1189D7F8E006DB239 /* SystemConfiguration.framework */,
				FA89D19F189D7F84006DB239 /* Security.framework */,
				FA89D19D189D7F76006DB239 /* MobileCoreServices.framework */,
				FA89D0F71895F022006DB239 /* Foundation.framework */,
				FA89D0F91895F022006DB239 /* CoreGraphics.framework */,
				FA89D0FB1895F022006DB239 /* UIKit.framework */,
				FA89D0FD1895F022006DB239 /* CoreData.framework */,
				FA89D11E1895F022006DB239 /* XCTest.framework */,
				40AE0BAF34BFB3D822071340 /* libPods.a */,
			);
			name = Frameworks;
			sourceTree = "<group>";
		};
		FA89D0FF1895F022006DB239 /* Bay Area Music Guilde */ = {
			isa = PBXGroup;
			children = (
				FA89D17A1895F1C9006DB239 /* Categories */,
				FA89D197189D6DCC006DB239 /* Controllers */,
				FA89D1081895F022006DB239 /* BMAppDelegate.h */,
				FA89D1091895F022006DB239 /* BMAppDelegate.m */,
				FA8D7A63189DD4DB00AA738E /* BMBlurredView.h */,
				FA8D7A64189DD4DB00AA738E /* BMBlurredView.m */,
				FA89D10B1895F022006DB239 /* Main.storyboard */,
				FA89D13F1895F148006DB239 /* Models */,
				FA89D1001895F022006DB239 /* Supporting Files */,
			);
			path = "Bay Area Music Guilde";
			sourceTree = "<group>";
		};
		FA89D1001895F022006DB239 /* Supporting Files */ = {
			isa = PBXGroup;
			children = (
				FA89D1171895F022006DB239 /* Images.xcassets */,
				FA89D1011895F022006DB239 /* Bay Area Music Guilde-Info.plist */,
				FA89D1021895F022006DB239 /* InfoPlist.strings */,
				FA89D1051895F022006DB239 /* main.m */,
				FA89D1071895F022006DB239 /* Bay Area Music Guilde-Prefix.pch */,
			);
			name = "Supporting Files";
			sourceTree = "<group>";
		};
		FA89D1251895F022006DB239 /* Bay Area Music GuildeTests */ = {
			isa = PBXGroup;
			children = (
				FA89D1261895F022006DB239 /* Supporting Files */,
				FA2EB26918B13AE300AC237B /* NSDate+BMTests.m */,
			);
			path = "Bay Area Music GuildeTests";
			sourceTree = "<group>";
		};
		FA89D1261895F022006DB239 /* Supporting Files */ = {
			isa = PBXGroup;
			children = (
				FA89D1271895F022006DB239 /* Bay Area Music GuildeTests-Info.plist */,
				FA89D1281895F022006DB239 /* InfoPlist.strings */,
			);
			name = "Supporting Files";
			sourceTree = "<group>";
		};
		FA89D13F1895F148006DB239 /* Models */ = {
			isa = PBXGroup;
			children = (
				FA89D10E1895F022006DB239 /* Bay_Area_Music_Guilde.xcdatamodeld */,
				FAE41FD118A7FF2E00BD9448 /* BMArtist.h */,
				FAE41FD218A7FF2E00BD9448 /* BMArtist.m */,
				FAC18060189F08D30082FAE5 /* BMEvent.h */,
				FAC18061189F08D30082FAE5 /* BMEvent.m */,
				FA89D18D189C8A6A006DB239 /* BMBaseModel.h */,
				FA89D1871895F688006DB239 /* BMVenue.h */,
				FA89D1881895F688006DB239 /* BMVenue.m */,
				FA89D1431895F1A6006DB239 /* BMEventStore.h */,
				FA89D1441895F1A6006DB239 /* BMEventStore.m */,
				FA89D1401895F17E006DB239 /* RKCoreDataStore.h */,
				FA89D1411895F17E006DB239 /* RKCoreDataStore.m */,
			);
			name = Models;
			sourceTree = "<group>";
		};
		FA89D17A1895F1C9006DB239 /* Categories */ = {
			isa = PBXGroup;
			children = (
				FAB9CA6D189D9FE600208220 /* UILabel+Extras.h */,
				FAB9CA6E189D9FE600208220 /* UILabel+Extras.m */,
				FA89D19C189D7C34006DB239 /* CGRect+Utils */,
				FAB9CA73189DA2A300208220 /* NSDate+BM.h */,
				FAB9CA74189DA2A300208220 /* NSDate+BM.m */,
				FA1ED414189ED109005DA318 /* MKMapView+BM.h */,
				FA1ED415189ED109005DA318 /* MKMapView+BM.m */,
				FA2EB26618AFFE6E00AC237B /* UIColor+BMColors.h */,
				FA2EB26718AFFE6E00AC237B /* UIColor+BMColors.m */,
			);
			name = Categories;
			sourceTree = "<group>";
		};
		FA89D197189D6DCC006DB239 /* Controllers */ = {
			isa = PBXGroup;
			children = (
				FA1ED410189EC174005DA318 /* Protocols */,
				FA89D1111895F022006DB239 /* BMMainViewController.h */,
				FA89D1121895F022006DB239 /* BMMainViewController.m */,
				FA89D18E189D6D89006DB239 /* BMDatesViewController.h */,
				FA89D18F189D6D89006DB239 /* BMDatesViewController.m */,
				FA89D191189D6D99006DB239 /* BMVenuesViewController.h */,
				FA89D192189D6D99006DB239 /* BMVenuesViewController.m */,
				FA89D194189D6DA6006DB239 /* BMArtistsViewController.h */,
				FA89D195189D6DA6006DB239 /* BMArtistsViewController.m */,
				FAB9CA6A189D969300208220 /* BMFetchResultsControllerViewController.h */,
				FAB9CA6B189D969300208220 /* BMFetchResultsControllerViewController.m */,
				FA1ED409189EB9E5005DA318 /* BMEventSummaryViewController.h */,
				FA1ED40A189EB9E5005DA318 /* BMEventSummaryViewController.m */,
				FAC0CC5C18A6B1C400F86F7B /* BMMapViewController.h */,
				FAC0CC5D18A6B1C400F86F7B /* BMMapViewController.m */,
			);
			name = Controllers;
			sourceTree = "<group>";
		};
		FA89D19C189D7C34006DB239 /* CGRect+Utils */ = {
			isa = PBXGroup;
			children = (
				FA89D198189D7C25006DB239 /* CGRectUtils.h */,
				FA89D199189D7C25006DB239 /* UIView+CGRectUtils.h */,
				FA89D19A189D7C25006DB239 /* UIView+CGRectUtils.m */,
			);
			name = "CGRect+Utils";
			sourceTree = "<group>";
		};
/* End PBXGroup section */

/* Begin PBXNativeTarget section */
		FA89D0F31895F022006DB239 /* Bay Area Music Guilde */ = {
			isa = PBXNativeTarget;
			buildConfigurationList = FA89D12F1895F022006DB239 /* Build configuration list for PBXNativeTarget "Bay Area Music Guilde" */;
			buildPhases = (
				5E55622117FCDDF30A3BCF06 /* Check Pods Manifest.lock */,
				FA89D0F01895F022006DB239 /* Sources */,
				FA89D0F11895F022006DB239 /* Frameworks */,
				FA89D0F21895F022006DB239 /* Resources */,
				2BE2CE581B88F97B00142356 /* ShellScript */,
				D9954FA188F053EEA6F72912 /* Copy Pods Resources */,
			);
			buildRules = (
			);
			dependencies = (
			);
			name = "Bay Area Music Guilde";
			productName = "Bay Area Music Guilde";
			productReference = FA89D0F41895F022006DB239 /* Bay Area Music Guilde.app */;
			productType = "com.apple.product-type.application";
		};
		FA89D11C1895F022006DB239 /* Bay Area Music GuildeTests */ = {
			isa = PBXNativeTarget;
			buildConfigurationList = FA89D1321895F022006DB239 /* Build configuration list for PBXNativeTarget "Bay Area Music GuildeTests" */;
			buildPhases = (
				FA89D1191895F022006DB239 /* Sources */,
				FA89D11A1895F022006DB239 /* Frameworks */,
				FA89D11B1895F022006DB239 /* Resources */,
			);
			buildRules = (
			);
			dependencies = (
				FA89D1241895F022006DB239 /* PBXTargetDependency */,
			);
			name = "Bay Area Music GuildeTests";
			productName = "Bay Area Music GuildeTests";
			productReference = FA89D11D1895F022006DB239 /* Bay Area Music GuildeTests.xctest */;
			productType = "com.apple.product-type.bundle.unit-test";
		};
/* End PBXNativeTarget section */

/* Begin PBXProject section */
		FA89D0EC1895F022006DB239 /* Project object */ = {
			isa = PBXProject;
			attributes = {
				CLASSPREFIX = BM;
				LastUpgradeCheck = 0500;
				ORGANIZATIONNAME = "Exactly what it sounds like";
				TargetAttributes = {
					FA89D0F31895F022006DB239 = {
						DevelopmentTeam = 2MCAYJAH7W;
					};
					FA89D11C1895F022006DB239 = {
						TestTargetID = FA89D0F31895F022006DB239;
					};
				};
			};
			buildConfigurationList = FA89D0EF1895F022006DB239 /* Build configuration list for PBXProject "Bay Area Music Guilde" */;
			compatibilityVersion = "Xcode 3.2";
			developmentRegion = English;
			hasScannedForEncodings = 0;
			knownRegions = (
				en,
				Base,
			);
			mainGroup = FA89D0EB1895F022006DB239;
			productRefGroup = FA89D0F51895F022006DB239 /* Products */;
			projectDirPath = "";
			projectRoot = "";
			targets = (
				FA89D0F31895F022006DB239 /* Bay Area Music Guilde */,
				FA89D11C1895F022006DB239 /* Bay Area Music GuildeTests */,
			);
		};
/* End PBXProject section */

/* Begin PBXResourcesBuildPhase section */
		FA89D0F21895F022006DB239 /* Resources */ = {
			isa = PBXResourcesBuildPhase;
			buildActionMask = 2147483647;
			files = (
				FA89D1181895F022006DB239 /* Images.xcassets in Resources */,
				FA89D1041895F022006DB239 /* InfoPlist.strings in Resources */,
				FA89D10D1895F022006DB239 /* Main.storyboard in Resources */,
			);
			runOnlyForDeploymentPostprocessing = 0;
		};
		FA89D11B1895F022006DB239 /* Resources */ = {
			isa = PBXResourcesBuildPhase;
			buildActionMask = 2147483647;
			files = (
				FA89D12A1895F022006DB239 /* InfoPlist.strings in Resources */,
			);
			runOnlyForDeploymentPostprocessing = 0;
		};
/* End PBXResourcesBuildPhase section */

/* Begin PBXShellScriptBuildPhase section */
		2BE2CE581B88F97B00142356 /* ShellScript */ = {
			isa = PBXShellScriptBuildPhase;
			buildActionMask = 2147483647;
			files = (
			);
			inputPaths = (
			);
			outputPaths = (
			);
			runOnlyForDeploymentPostprocessing = 0;
			shellPath = /bin/sh;
			shellScript = "./Fabric.framework/run 1066067e79707a9e0ab5ec2269d06f421b2c5460 7d59ded554735a8f2244659fb038be6006ee6f6e52a20cf35888a02891a29062";
		};
		5E55622117FCDDF30A3BCF06 /* Check Pods Manifest.lock */ = {
			isa = PBXShellScriptBuildPhase;
			buildActionMask = 2147483647;
			files = (
			);
			inputPaths = (
			);
			name = "Check Pods Manifest.lock";
			outputPaths = (
			);
			runOnlyForDeploymentPostprocessing = 0;
			shellPath = /bin/sh;
			shellScript = "diff \"${PODS_ROOT}/../Podfile.lock\" \"${PODS_ROOT}/Manifest.lock\" > /dev/null\nif [[ $? != 0 ]] ; then\n    cat << EOM\nerror: The sandbox is not in sync with the Podfile.lock. Run 'pod install' or update your CocoaPods installation.\nEOM\n    exit 1\nfi\n";
			showEnvVarsInLog = 0;
		};
		D9954FA188F053EEA6F72912 /* Copy Pods Resources */ = {
			isa = PBXShellScriptBuildPhase;
			buildActionMask = 2147483647;
			files = (
			);
			inputPaths = (
			);
			name = "Copy Pods Resources";
			outputPaths = (
			);
			runOnlyForDeploymentPostprocessing = 0;
			shellPath = /bin/sh;
			shellScript = "\"${SRCROOT}/Pods/Target Support Files/Pods/Pods-resources.sh\"\n";
			showEnvVarsInLog = 0;
		};
/* End PBXShellScriptBuildPhase section */

/* Begin PBXSourcesBuildPhase section */
		FA89D0F01895F022006DB239 /* Sources */ = {
			isa = PBXSourcesBuildPhase;
			buildActionMask = 2147483647;
			files = (
				FA89D196189D6DA6006DB239 /* BMArtistsViewController.m in Sources */,
				FA1ED416189ED109005DA318 /* MKMapView+BM.m in Sources */,
				FA2EB26818AFFE6E00AC237B /* UIColor+BMColors.m in Sources */,
				FA89D1131895F022006DB239 /* BMMainViewController.m in Sources */,
				FAB9CA6C189D969300208220 /* BMFetchResultsControllerViewController.m in Sources */,
				FAC18062189F08D30082FAE5 /* BMEvent.m in Sources */,
				FA89D190189D6D89006DB239 /* BMDatesViewController.m in Sources */,
				FA1ED40B189EB9E5005DA318 /* BMEventSummaryViewController.m in Sources */,
				FAB9CA6F189D9FE600208220 /* UILabel+Extras.m in Sources */,
				FA89D1061895F022006DB239 /* main.m in Sources */,
				FA89D1451895F1A6006DB239 /* BMEventStore.m in Sources */,
				FAE41FD318A7FF2E00BD9448 /* BMArtist.m in Sources */,
				FA89D1421895F17E006DB239 /* RKCoreDataStore.m in Sources */,
				FA89D1891895F688006DB239 /* BMVenue.m in Sources */,
				FA89D193189D6D99006DB239 /* BMVenuesViewController.m in Sources */,
				FA89D10A1895F022006DB239 /* BMAppDelegate.m in Sources */,
				FA8D7A65189DD4DB00AA738E /* BMBlurredView.m in Sources */,
				FAC0CC5E18A6B1C400F86F7B /* BMMapViewController.m in Sources */,
				FA89D19B189D7C25006DB239 /* UIView+CGRectUtils.m in Sources */,
				FA89D1101895F022006DB239 /* Bay_Area_Music_Guilde.xcdatamodeld in Sources */,
				FAB9CA75189DA2A300208220 /* NSDate+BM.m in Sources */,
			);
			runOnlyForDeploymentPostprocessing = 0;
		};
		FA89D1191895F022006DB239 /* Sources */ = {
			isa = PBXSourcesBuildPhase;
			buildActionMask = 2147483647;
			files = (
				FA2EB26A18B13AE300AC237B /* NSDate+BMTests.m in Sources */,
			);
			runOnlyForDeploymentPostprocessing = 0;
		};
/* End PBXSourcesBuildPhase section */

/* Begin PBXTargetDependency section */
		FA89D1241895F022006DB239 /* PBXTargetDependency */ = {
			isa = PBXTargetDependency;
			target = FA89D0F31895F022006DB239 /* Bay Area Music Guilde */;
			targetProxy = FA89D1231895F022006DB239 /* PBXContainerItemProxy */;
		};
/* End PBXTargetDependency section */

/* Begin PBXVariantGroup section */
		FA89D1021895F022006DB239 /* InfoPlist.strings */ = {
			isa = PBXVariantGroup;
			children = (
				FA89D1031895F022006DB239 /* en */,
			);
			name = InfoPlist.strings;
			sourceTree = "<group>";
		};
		FA89D10B1895F022006DB239 /* Main.storyboard */ = {
			isa = PBXVariantGroup;
			children = (
				FA89D10C1895F022006DB239 /* Base */,
			);
			name = Main.storyboard;
			sourceTree = "<group>";
		};
		FA89D1281895F022006DB239 /* InfoPlist.strings */ = {
			isa = PBXVariantGroup;
			children = (
				FA89D1291895F022006DB239 /* en */,
			);
			name = InfoPlist.strings;
			sourceTree = "<group>";
		};
/* End PBXVariantGroup section */

/* Begin XCBuildConfiguration section */
		FA89D12D1895F022006DB239 /* Debug */ = {
			isa = XCBuildConfiguration;
			buildSettings = {
				ALWAYS_SEARCH_USER_PATHS = NO;
				ARCHS = "$(ARCHS_STANDARD_INCLUDING_64_BIT)";
				CLANG_CXX_LANGUAGE_STANDARD = "gnu++0x";
				CLANG_CXX_LIBRARY = "libc++";
				CLANG_ENABLE_MODULES = YES;
				CLANG_ENABLE_OBJC_ARC = YES;
				CLANG_WARN_BOOL_CONVERSION = YES;
				CLANG_WARN_CONSTANT_CONVERSION = YES;
				CLANG_WARN_DIRECT_OBJC_ISA_USAGE = YES_ERROR;
				CLANG_WARN_EMPTY_BODY = YES;
				CLANG_WARN_ENUM_CONVERSION = YES;
				CLANG_WARN_INT_CONVERSION = YES;
				CLANG_WARN_OBJC_ROOT_CLASS = YES_ERROR;
				CLANG_WARN__DUPLICATE_METHOD_MATCH = YES;
				"CODE_SIGN_IDENTITY[sdk=iphoneos*]" = "iPhone Developer";
				COPY_PHASE_STRIP = NO;
				GCC_C_LANGUAGE_STANDARD = gnu99;
				GCC_DYNAMIC_NO_PIC = NO;
				GCC_OPTIMIZATION_LEVEL = 0;
				GCC_PREPROCESSOR_DEFINITIONS = (
					"DEBUG=1",
					"$(inherited)",
				);
				GCC_SYMBOLS_PRIVATE_EXTERN = NO;
				GCC_WARN_64_TO_32_BIT_CONVERSION = YES;
				GCC_WARN_ABOUT_RETURN_TYPE = YES_ERROR;
				GCC_WARN_UNDECLARED_SELECTOR = YES;
				GCC_WARN_UNINITIALIZED_AUTOS = YES;
				GCC_WARN_UNUSED_FUNCTION = YES;
				GCC_WARN_UNUSED_VARIABLE = YES;
				IPHONEOS_DEPLOYMENT_TARGET = 7.0;
				ONLY_ACTIVE_ARCH = YES;
				SDKROOT = iphoneos;
			};
			name = Debug;
		};
		FA89D12E1895F022006DB239 /* Release */ = {
			isa = XCBuildConfiguration;
			buildSettings = {
				ALWAYS_SEARCH_USER_PATHS = NO;
				ARCHS = "$(ARCHS_STANDARD_INCLUDING_64_BIT)";
				CLANG_CXX_LANGUAGE_STANDARD = "gnu++0x";
				CLANG_CXX_LIBRARY = "libc++";
				CLANG_ENABLE_MODULES = YES;
				CLANG_ENABLE_OBJC_ARC = YES;
				CLANG_WARN_BOOL_CONVERSION = YES;
				CLANG_WARN_CONSTANT_CONVERSION = YES;
				CLANG_WARN_DIRECT_OBJC_ISA_USAGE = YES_ERROR;
				CLANG_WARN_EMPTY_BODY = YES;
				CLANG_WARN_ENUM_CONVERSION = YES;
				CLANG_WARN_INT_CONVERSION = YES;
				CLANG_WARN_OBJC_ROOT_CLASS = YES_ERROR;
				CLANG_WARN__DUPLICATE_METHOD_MATCH = YES;
				"CODE_SIGN_IDENTITY[sdk=iphoneos*]" = "iPhone Developer";
				COPY_PHASE_STRIP = YES;
				ENABLE_NS_ASSERTIONS = NO;
				GCC_C_LANGUAGE_STANDARD = gnu99;
				GCC_WARN_64_TO_32_BIT_CONVERSION = YES;
				GCC_WARN_ABOUT_RETURN_TYPE = YES_ERROR;
				GCC_WARN_UNDECLARED_SELECTOR = YES;
				GCC_WARN_UNINITIALIZED_AUTOS = YES;
				GCC_WARN_UNUSED_FUNCTION = YES;
				GCC_WARN_UNUSED_VARIABLE = YES;
				IPHONEOS_DEPLOYMENT_TARGET = 7.0;
				SDKROOT = iphoneos;
				VALIDATE_PRODUCT = YES;
			};
			name = Release;
		};
		FA89D1301895F022006DB239 /* Debug */ = {
			isa = XCBuildConfiguration;
			baseConfigurationReference = 0D889290C28DDA693D5743D3 /* Pods.debug.xcconfig */;
			buildSettings = {
				ASSETCATALOG_COMPILER_APPICON_NAME = AppIcon;
				ASSETCATALOG_COMPILER_LAUNCHIMAGE_NAME = LaunchImage;
				CODE_SIGN_IDENTITY = "iPhone Developer";
				FRAMEWORK_SEARCH_PATHS = (
					"$(inherited)",
					/Users/macbook/rbk/Bay,
					Area,
					Music,
					Guilde,
					"$(PROJECT_DIR)",
				);
				GCC_PRECOMPILE_PREFIX_HEADER = YES;
				GCC_PREFIX_HEADER = "Bay Area Music Guilde/Bay Area Music Guilde-Prefix.pch";
				INFOPLIST_FILE = "Bay Area Music Guilde/Bay Area Music Guilde-Info.plist";
				OTHER_LDFLAGS = "$(inherited)";
				PRODUCT_NAME = "$(TARGET_NAME)";
				WRAPPER_EXTENSION = app;
			};
			name = Debug;
		};
		FA89D1311895F022006DB239 /* Release */ = {
			isa = XCBuildConfiguration;
			baseConfigurationReference = F9A142AA1CF66B4D3680963B /* Pods.release.xcconfig */;
			buildSettings = {
				ASSETCATALOG_COMPILER_APPICON_NAME = AppIcon;
				ASSETCATALOG_COMPILER_LAUNCHIMAGE_NAME = LaunchImage;
				CODE_SIGN_IDENTITY = "iPhone Developer";
				FRAMEWORK_SEARCH_PATHS = (
					"$(inherited)",
					/Users/macbook/rbk/Bay,
					Area,
					Music,
					Guilde,
					"$(PROJECT_DIR)",
				);
				GCC_PRECOMPILE_PREFIX_HEADER = YES;
				GCC_PREFIX_HEADER = "Bay Area Music Guilde/Bay Area Music Guilde-Prefix.pch";
				GCC_PREPROCESSOR_DEFINITIONS = (
					"RELEASE=1",
					"$(inherited)",
				);
				INFOPLIST_FILE = "Bay Area Music Guilde/Bay Area Music Guilde-Info.plist";
				OTHER_LDFLAGS = "$(inherited)";
				PRODUCT_NAME = "$(TARGET_NAME)";
				WRAPPER_EXTENSION = app;
			};
			name = Release;
		};
		FA89D1331895F022006DB239 /* Debug */ = {
			isa = XCBuildConfiguration;
			buildSettings = {
				ARCHS = "$(ARCHS_STANDARD_INCLUDING_64_BIT)";
				BUNDLE_LOADER = "$(BUILT_PRODUCTS_DIR)/Bay Area Music Guilde.app/Bay Area Music Guilde";
				FRAMEWORK_SEARCH_PATHS = (
					"$(SDKROOT)/Developer/Library/Frameworks",
					"$(inherited)",
					"$(DEVELOPER_FRAMEWORKS_DIR)",
				);
				GCC_PRECOMPILE_PREFIX_HEADER = YES;
				GCC_PREFIX_HEADER = "Bay Area Music Guilde/Bay Area Music Guilde-Prefix.pch";
				GCC_PREPROCESSOR_DEFINITIONS = (
					"DEBUG=1",
					"$(inherited)",
				);
				INFOPLIST_FILE = "Bay Area Music GuildeTests/Bay Area Music GuildeTests-Info.plist";
				PRODUCT_NAME = "$(TARGET_NAME)";
				TEST_HOST = "$(BUNDLE_LOADER)";
				WRAPPER_EXTENSION = xctest;
			};
			name = Debug;
		};
		FA89D1341895F022006DB239 /* Release */ = {
			isa = XCBuildConfiguration;
			buildSettings = {
				ARCHS = "$(ARCHS_STANDARD_INCLUDING_64_BIT)";
				BUNDLE_LOADER = "$(BUILT_PRODUCTS_DIR)/Bay Area Music Guilde.app/Bay Area Music Guilde";
				FRAMEWORK_SEARCH_PATHS = (
					"$(SDKROOT)/Developer/Library/Frameworks",
					"$(inherited)",
					"$(DEVELOPER_FRAMEWORKS_DIR)",
				);
				GCC_PRECOMPILE_PREFIX_HEADER = YES;
				GCC_PREFIX_HEADER = "Bay Area Music Guilde/Bay Area Music Guilde-Prefix.pch";
				INFOPLIST_FILE = "Bay Area Music GuildeTests/Bay Area Music GuildeTests-Info.plist";
				PRODUCT_NAME = "$(TARGET_NAME)";
				TEST_HOST = "$(BUNDLE_LOADER)";
				WRAPPER_EXTENSION = xctest;
			};
			name = Release;
		};
/* End XCBuildConfiguration section */

/* Begin XCConfigurationList section */
		FA89D0EF1895F022006DB239 /* Build configuration list for PBXProject "Bay Area Music Guilde" */ = {
			isa = XCConfigurationList;
			buildConfigurations = (
				FA89D12D1895F022006DB239 /* Debug */,
				FA89D12E1895F022006DB239 /* Release */,
			);
			defaultConfigurationIsVisible = 0;
			defaultConfigurationName = Release;
		};
		FA89D12F1895F022006DB239 /* Build configuration list for PBXNativeTarget "Bay Area Music Guilde" */ = {
			isa = XCConfigurationList;
			buildConfigurations = (
				FA89D1301895F022006DB239 /* Debug */,
				FA89D1311895F022006DB239 /* Release */,
			);
			defaultConfigurationIsVisible = 0;
			defaultConfigurationName = Release;
		};
		FA89D1321895F022006DB239 /* Build configuration list for PBXNativeTarget "Bay Area Music GuildeTests" */ = {
			isa = XCConfigurationList;
			buildConfigurations = (
				FA89D1331895F022006DB239 /* Debug */,
				FA89D1341895F022006DB239 /* Release */,
			);
			defaultConfigurationIsVisible = 0;
			defaultConfigurationName = Release;
		};
/* End XCConfigurationList section */

/* Begin XCVersionGroup section */
		FA89D10E1895F022006DB239 /* Bay_Area_Music_Guilde.xcdatamodeld */ = {
			isa = XCVersionGroup;
			children = (
				FA2EB34918B16DEB00AC237B /* Bay_Area_Music_Guilde 1.0.xcdatamodel */,
				FA89D10F1895F022006DB239 /* Bay_Area_Music_Guilde.xcdatamodel */,
			);
			currentVersion = FA2EB34918B16DEB00AC237B /* Bay_Area_Music_Guilde 1.0.xcdatamodel */;
			path = Bay_Area_Music_Guilde.xcdatamodeld;
			sourceTree = "<group>";
			versionGroupType = wrapper.xcdatamodel;
		};
/* End XCVersionGroup section */
	};
	rootObject = FA89D0EC1895F022006DB239 /* Project object */;
}
